
Microsoft Visual Studio Solution File, Format Version 12.00
# Visual Studio Version 16
VisualStudioVersion = 16.0.30717.126
MinimumVisualStudioVersion = 10.0.40219.1
Project("{FAE04EC0-301F-11D3-BF4B-00C04F79EFBC}") = "ShopTT", "ShopTT\ShopTT.csproj", "{C097CEDF-EB93-4740-AF13-3C83E58045F9}"
EndProject
Global
	GlobalSection(SolutionConfigurationPlatforms) = preSolution
		Debug|Any CPU = Debug|Any CPU
		Release|Any CPU = Release|Any CPU
	EndGlobalSection
	GlobalSection(ProjectConfigurationPlatforms) = postSolution
		{C097CEDF-EB93-4740-AF13-3C83E58045F9}.Debug|Any CPU.ActiveCfg = Debug|Any CPU
		{C097CEDF-EB93-4740-AF13-3C83E58045F9}.Debug|Any CPU.Build.0 = Debug|Any CPU
		{C097CEDF-EB93-4740-AF13-3C83E58045F9}.Release|Any CPU.ActiveCfg = Release|Any CPU
		{C097CEDF-EB93-4740-AF13-3C83E58045F9}.Release|Any CPU.Build.0 = Release|Any CPU
	EndGlobalSection
	GlobalSection(SolutionProperties) = preSolution
		HideSolutionNode = FALSE
	EndGlobalSection
	GlobalSection(ExtensibilityGlobals) = postSolution
		SolutionGuid = {F7E04666-1023-432D-8495-919E1E89BDB1}
	EndGlobalSection
EndGlobal
